
Microsoft Visual Studio Solution File, Format Version 12.00
# Visual Studio Version 17
VisualStudioVersion = 17.8.34511.84
MinimumVisualStudioVersion = 10.0.40219.1
Project("{2150E333-8FDC-42A3-9474-1A3956D46DE8}") = "Core", "Core", "{4878AD5E-EE45-4B9D-9B97-523B3E1ABDA1}"
EndProject
Project("{2150E333-8FDC-42A3-9474-1A3956D46DE8}") = "Presentation", "Presentation", "{42CB6B7A-ABAB-4CE1-9C01-ACBB72849FF9}"
EndProject
Project("{2150E333-8FDC-42A3-9474-1A3956D46DE8}") = "Infrastructure", "Infrastructure", "{7D6C41B7-0EEB-43F2-86CE-BCDF7784B28A}"
EndProject
Project("{FAE04EC0-301F-11D3-BF4B-00C04F79EFBC}") = "KuyumcuAPI.Applicaion", "Core\KuyumcuAPI.Applicaion\KuyumcuAPI.Applicaion.csproj", "{C33F3C45-30DF-4784-A9C0-8E071B63181C}"
EndProject
Project("{FAE04EC0-301F-11D3-BF4B-00C04F79EFBC}") = "KuyumcuAPI.Domain", "Core\KuyumcuAPI.Domain\KuyumcuAPI.Domain.csproj", "{E9D157A7-9463-4800-BD57-4BDF650771EF}"
EndProject
Project("{FAE04EC0-301F-11D3-BF4B-00C04F79EFBC}") = "KuyumcuAPI.Mapper", "Core\KuyumcuAPI.Mapper\KuyumcuAPI.Mapper.csproj", "{C48DBFE6-836D-49C3-B8DB-ED1E85234AB2}"
EndProject
Project("{FAE04EC0-301F-11D3-BF4B-00C04F79EFBC}") = "KuyumcuAPI.Infrastructure", "Infrastructure\KuyumcuAPI.Infrastructure\KuyumcuAPI.Infrastructure.csproj", "{35EE7CEC-D9DB-4094-A05C-AEAB05B31EAE}"
EndProject
Project("{FAE04EC0-301F-11D3-BF4B-00C04F79EFBC}") = "KuyumcuAPI.Persistance", "Infrastructure\KuyumcuAPI.Persistance\KuyumcuAPI.Persistance.csproj", "{F92F3062-8D3A-4F23-AB14-7F8596D4C8EA}"
EndProject
Project("{FAE04EC0-301F-11D3-BF4B-00C04F79EFBC}") = "KuyumcuAPI.WebAPI", "Presentation\KuyumcuAPI.WebAPI\KuyumcuAPI.WebAPI.csproj", "{A8AC79DF-F8D0-4784-A09A-05640A018CF2}"
EndProject
Global
	GlobalSection(SolutionConfigurationPlatforms) = preSolution
		Debug|Any CPU = Debug|Any CPU
		Release|Any CPU = Release|Any CPU
	EndGlobalSection
	GlobalSection(ProjectConfigurationPlatforms) = postSolution
		{C33F3C45-30DF-4784-A9C0-8E071B63181C}.Debug|Any CPU.ActiveCfg = Debug|Any CPU
		{C33F3C45-30DF-4784-A9C0-8E071B63181C}.Debug|Any CPU.Build.0 = Debug|Any CPU
		{C33F3C45-30DF-4784-A9C0-8E071B63181C}.Release|Any CPU.ActiveCfg = Release|Any CPU
		{C33F3C45-30DF-4784-A9C0-8E071B63181C}.Release|Any CPU.Build.0 = Release|Any CPU
		{E9D157A7-9463-4800-BD57-4BDF650771EF}.Debug|Any CPU.ActiveCfg = Debug|Any CPU
		{E9D157A7-9463-4800-BD57-4BDF650771EF}.Debug|Any CPU.Build.0 = Debug|Any CPU
		{E9D157A7-9463-4800-BD57-4BDF650771EF}.Release|Any CPU.ActiveCfg = Release|Any CPU
		{E9D157A7-9463-4800-BD57-4BDF650771EF}.Release|Any CPU.Build.0 = Release|Any CPU
		{C48DBFE6-836D-49C3-B8DB-ED1E85234AB2}.Debug|Any CPU.ActiveCfg = Debug|Any CPU
		{C48DBFE6-836D-49C3-B8DB-ED1E85234AB2}.Debug|Any CPU.Build.0 = Debug|Any CPU
		{C48DBFE6-836D-49C3-B8DB-ED1E85234AB2}.Release|Any CPU.ActiveCfg = Release|Any CPU
		{C48DBFE6-836D-49C3-B8DB-ED1E85234AB2}.Release|Any CPU.Build.0 = Release|Any CPU
		{35EE7CEC-D9DB-4094-A05C-AEAB05B31EAE}.Debug|Any CPU.ActiveCfg = Debug|Any CPU
		{35EE7CEC-D9DB-4094-A05C-AEAB05B31EAE}.Debug|Any CPU.Build.0 = Debug|Any CPU
		{35EE7CEC-D9DB-4094-A05C-AEAB05B31EAE}.Release|Any CPU.ActiveCfg = Release|Any CPU
		{35EE7CEC-D9DB-4094-A05C-AEAB05B31EAE}.Release|Any CPU.Build.0 = Release|Any CPU
		{F92F3062-8D3A-4F23-AB14-7F8596D4C8EA}.Debug|Any CPU.ActiveCfg = Debug|Any CPU
		{F92F3062-8D3A-4F23-AB14-7F8596D4C8EA}.Debug|Any CPU.Build.0 = Debug|Any CPU
		{F92F3062-8D3A-4F23-AB14-7F8596D4C8EA}.Release|Any CPU.ActiveCfg = Release|Any CPU
		{F92F3062-8D3A-4F23-AB14-7F8596D4C8EA}.Release|Any CPU.Build.0 = Release|Any CPU
		{A8AC79DF-F8D0-4784-A09A-05640A018CF2}.Debug|Any CPU.ActiveCfg = Debug|Any CPU
		{A8AC79DF-F8D0-4784-A09A-05640A018CF2}.Debug|Any CPU.Build.0 = Debug|Any CPU
		{A8AC79DF-F8D0-4784-A09A-05640A018CF2}.Release|Any CPU.ActiveCfg = Release|Any CPU
		{A8AC79DF-F8D0-4784-A09A-05640A018CF2}.Release|Any CPU.Build.0 = Release|Any CPU
	EndGlobalSection
	GlobalSection(SolutionProperties) = preSolution
		HideSolutionNode = FALSE
	EndGlobalSection
	GlobalSection(NestedProjects) = preSolution
		{C33F3C45-30DF-4784-A9C0-8E071B63181C} = {4878AD5E-EE45-4B9D-9B97-523B3E1ABDA1}
		{E9D157A7-9463-4800-BD57-4BDF650771EF} = {4878AD5E-EE45-4B9D-9B97-523B3E1ABDA1}
		{C48DBFE6-836D-49C3-B8DB-ED1E85234AB2} = {4878AD5E-EE45-4B9D-9B97-523B3E1ABDA1}
		{35EE7CEC-D9DB-4094-A05C-AEAB05B31EAE} = {7D6C41B7-0EEB-43F2-86CE-BCDF7784B28A}
		{F92F3062-8D3A-4F23-AB14-7F8596D4C8EA} = {7D6C41B7-0EEB-43F2-86CE-BCDF7784B28A}
		{A8AC79DF-F8D0-4784-A09A-05640A018CF2} = {42CB6B7A-ABAB-4CE1-9C01-ACBB72849FF9}
	EndGlobalSection
	GlobalSection(ExtensibilityGlobals) = postSolution
		SolutionGuid = {ED58838F-D0C5-4E71-AECC-91485F791CAF}
	EndGlobalSection
EndGlobal
